
Microsoft Visual Studio Solution File, Format Version 12.00
# Visual Studio 2015
VisualStudioVersion = 14.0.25123.0
MinimumVisualStudioVersion = 10.0.40219.1
Project("{FAE04EC0-301F-11D3-BF4B-00C04F79EFBC}") = "TwilioChat.Web", "TwilioChat.Web\TwilioChat.Web.csproj", "{942E20FA-B7F7-4B1E-99D7-CA5DE688EE91}"
EndProject
Project("{FAE04EC0-301F-11D3-BF4B-00C04F79EFBC}") = "TwilioChat.Tests", "TwilioChat.Tests\TwilioChat.Tests.csproj", "{53EEC683-EB81-4466-B9A3-FEB99EF671C9}"
EndProject
Global
	GlobalSection(SolutionConfigurationPlatforms) = preSolution
		Debug|Any CPU = Debug|Any CPU
		Release|Any CPU = Release|Any CPU
	EndGlobalSection
	GlobalSection(ProjectConfigurationPlatforms) = postSolution
		{942E20FA-B7F7-4B1E-99D7-CA5DE688EE91}.Debug|Any CPU.ActiveCfg = Debug|Any CPU
		{942E20FA-B7F7-4B1E-99D7-CA5DE688EE91}.Debug|Any CPU.Build.0 = Debug|Any CPU
		{942E20FA-B7F7-4B1E-99D7-CA5DE688EE91}.Release|Any CPU.ActiveCfg = Release|Any CPU
		{942E20FA-B7F7-4B1E-99D7-CA5DE688EE91}.Release|Any CPU.Build.0 = Release|Any CPU
		{53EEC683-EB81-4466-B9A3-FEB99EF671C9}.Debug|Any CPU.ActiveCfg = Debug|Any CPU
		{53EEC683-EB81-4466-B9A3-FEB99EF671C9}.Debug|Any CPU.Build.0 = Debug|Any CPU
		{53EEC683-EB81-4466-B9A3-FEB99EF671C9}.Release|Any CPU.ActiveCfg = Release|Any CPU
		{53EEC683-EB81-4466-B9A3-FEB99EF671C9}.Release|Any CPU.Build.0 = Release|Any CPU
	EndGlobalSection
	GlobalSection(SolutionProperties) = preSolution
		HideSolutionNode = FALSE
	EndGlobalSection
EndGlobal
